schema: '2.0'
stages:
  data_collection:
    cmd: python src/data/data_collection.py
    deps:
    - path: src/data/data_collection.py
      hash: md5
      md5: 54c6a66d75750ea9c3ac793e24106932
      size: 2055
    params:
      params.yaml:
        data_collection.test_size: 0.2
    outs:
    - path: data/raw
      hash: md5
      md5: 6943e655800134f51910892c621c7b98.dir
      size: 518984
      nfiles: 2
  pre_preprocessing:
    cmd: python src/data/data_prep.py
    deps:
    - path: data/raw
      hash: md5
      md5: 6943e655800134f51910892c621c7b98.dir
      size: 518984
      nfiles: 2
    - path: src/data/data_prep.py
      hash: md5
      md5: 395046431d9a8af14336c4159b727c36
      size: 1797
    outs:
    - path: data/processed
      hash: md5
      md5: 74c1d1d8cd67f1dc9154360eb2636b52.dir
      size: 543617
      nfiles: 2
  model_building:
    cmd: python src/model/model_building.py
    deps:
    - path: data/processed
      hash: md5
      md5: 74c1d1d8cd67f1dc9154360eb2636b52.dir
      size: 543617
      nfiles: 2
    - path: src/model/model_building.py
      hash: md5
      md5: b2258006aaec532c9923d6a362972329
      size: 1988
    params:
      params.yaml:
        model_building.n_estimators: 1000
    outs:
    - path: models/model.pkl
      hash: md5
      md5: 1f366de69744c12a912ad1ac87e26424
      size: 73577707
  model_eval:
    cmd: python src/model/model_eval.py
    deps:
    - path: models/model.pkl
      hash: md5
      md5: 1f366de69744c12a912ad1ac87e26424
      size: 73577707
    - path: src/model/model_eval.py
      hash: md5
      md5: 728d06e0217cebbca98fbebf5946d0b2
      size: 4795
    outs:
    - path: reports/metrics.json
      hash: md5
      md5: bf85e89443fa31729db24996712be7f7
      size: 132
    - path: reports/run_info.json
      hash: md5
      md5: 99824ce9c0f93afeaad84cee6883c297
      size: 84
  model_registration:
    cmd: python src/model/model_reg.py
    deps:
    - path: reports/run_info.json
      hash: md5
      md5: 99824ce9c0f93afeaad84cee6883c297
      size: 84
    - path: src/model/model_reg.py
      hash: md5
      md5: 330a889218d21746f8c7f00a955b4864
      size: 1277
